
Microsoft Visual Studio Solution File, Format Version 12.00
# Visual Studio Version 17
VisualStudioVersion = 17.4.33205.214
MinimumVisualStudioVersion = 10.0.40219.1
Project("{D954291E-2A0B-460D-934E-DC6B0785DB48}") = "MyFamily.Application", "MyFamily.Application\MyFamily.Application.shproj", "{C8388F38-1016-4018-A174-61839F433633}"
EndProject
Global
	GlobalSection(SolutionProperties) = preSolution
		HideSolutionNode = FALSE
	EndGlobalSection
	GlobalSection(ExtensibilityGlobals) = postSolution
		SolutionGuid = {A5AE5AA1-A995-40B1-B068-795E55BB098D}
	EndGlobalSection
	GlobalSection(SharedMSBuildProjectFiles) = preSolution
		MyFamily.Application\MyFamily.Application.projitems*{c8388f38-1016-4018-a174-61839f433633}*SharedItemsImports = 13
	EndGlobalSection
EndGlobal
